// !$*UTF8*$!
{
	archiveVersion = 1;
	classes = {
	};
	objectVersion = 56;
	objects = {

/* Begin PBXBuildFile section */
		2D3678B92B7BBA5900809BDD /* LocationsListView.swift in Sources */ = {isa = PBXBuildFile; fileRef = 2D3678B82B7BBA5900809BDD /* LocationsListView.swift */; };
		2D3678BB2B7BC34600809BDD /* LocationPreviewView.swift in Sources */ = {isa = PBXBuildFile; fileRef = 2D3678BA2B7BC34600809BDD /* LocationPreviewView.swift */; };
		2D3678BD2B7BD3F200809BDD /* LocationMapAnnotationView.swift in Sources */ = {isa = PBXBuildFile; fileRef = 2D3678BC2B7BD3F200809BDD /* LocationMapAnnotationView.swift */; };
		2DDC32C02B7D154C00AE1225 /* LocationDetailView.swift in Sources */ = {isa = PBXBuildFile; fileRef = 2DDC32BF2B7D154C00AE1225 /* LocationDetailView.swift */; };
		2DF072B42B7A86E400412AB5 /* MapAttractions.swift in Sources */ = {isa = PBXBuildFile; fileRef = 2DF072B32B7A86E400412AB5 /* MapAttractions.swift */; };
		2DF072B62B7A86E400412AB5 /* ContentView.swift in Sources */ = {isa = PBXBuildFile; fileRef = 2DF072B52B7A86E400412AB5 /* ContentView.swift */; };
		2DF072BB2B7A86E500412AB5 /* Preview Assets.xcassets in Resources */ = {isa = PBXBuildFile; fileRef = 2DF072BA2B7A86E500412AB5 /* Preview Assets.xcassets */; };
		2DF072C22B7A880800412AB5 /* Assets.xcassets in Resources */ = {isa = PBXBuildFile; fileRef = 2DF072C12B7A880800412AB5 /* Assets.xcassets */; };
		2DF072C72B7A893300412AB5 /* Location.swift in Sources */ = {isa = PBXBuildFile; fileRef = 2DF072C62B7A893300412AB5 /* Location.swift */; };
		2DF072CA2B7A8A1700412AB5 /* LocationsDataService.swift in Sources */ = {isa = PBXBuildFile; fileRef = 2DF072C92B7A8A1700412AB5 /* LocationsDataService.swift */; };
		2DF072CC2B7A8D2B00412AB5 /* LocationsView.swift in Sources */ = {isa = PBXBuildFile; fileRef = 2DF072CB2B7A8D2B00412AB5 /* LocationsView.swift */; };
		2DF072CE2B7A905E00412AB5 /* LocationsViewModel.swift in Sources */ = {isa = PBXBuildFile; fileRef = 2DF072CD2B7A905E00412AB5 /* LocationsViewModel.swift */; };
/* End PBXBuildFile section */

/* Begin PBXFileReference section */
		2D3678B82B7BBA5900809BDD /* LocationsListView.swift */ = {isa = PBXFileReference; lastKnownFileType = sourcecode.swift; path = LocationsListView.swift; sourceTree = "<group>"; };
		2D3678BA2B7BC34600809BDD /* LocationPreviewView.swift */ = {isa = PBXFileReference; lastKnownFileType = sourcecode.swift; path = LocationPreviewView.swift; sourceTree = "<group>"; };
		2D3678BC2B7BD3F200809BDD /* LocationMapAnnotationView.swift */ = {isa = PBXFileReference; lastKnownFileType = sourcecode.swift; path = LocationMapAnnotationView.swift; sourceTree = "<group>"; };
		2DDC32BF2B7D154C00AE1225 /* LocationDetailView.swift */ = {isa = PBXFileReference; lastKnownFileType = sourcecode.swift; path = LocationDetailView.swift; sourceTree = "<group>"; };
		2DDC32C12B7D3A9C00AE1225 /* Info.plist */ = {isa = PBXFileReference; lastKnownFileType = text.plist; path = Info.plist; sourceTree = "<group>"; };
		2DF072B02B7A86E400412AB5 /* MapAttractionsApp.app */ = {isa = PBXFileReference; explicitFileType = wrapper.application; includeInIndex = 0; path = MapAttractionsApp.app; sourceTree = BUILT_PRODUCTS_DIR; };
		2DF072B32B7A86E400412AB5 /* MapAttractions.swift */ = {isa = PBXFileReference; lastKnownFileType = sourcecode.swift; path = MapAttractions.swift; sourceTree = "<group>"; };
		2DF072B52B7A86E400412AB5 /* ContentView.swift */ = {isa = PBXFileReference; lastKnownFileType = sourcecode.swift; path = ContentView.swift; sourceTree = "<group>"; };
		2DF072BA2B7A86E500412AB5 /* Preview Assets.xcassets */ = {isa = PBXFileReference; lastKnownFileType = folder.assetcatalog; path = "Preview Assets.xcassets"; sourceTree = "<group>"; };
		2DF072C12B7A880800412AB5 /* Assets.xcassets */ = {isa = PBXFileReference; lastKnownFileType = folder.assetcatalog; name = Assets.xcassets; path = "Preview Content/Assets.xcassets"; sourceTree = "<group>"; };
		2DF072C62B7A893300412AB5 /* Location.swift */ = {isa = PBXFileReference; lastKnownFileType = sourcecode.swift; path = Location.swift; sourceTree = "<group>"; };
		2DF072C92B7A8A1700412AB5 /* LocationsDataService.swift */ = {isa = PBXFileReference; fileEncoding = 4; lastKnownFileType = sourcecode.swift; path = LocationsDataService.swift; sourceTree = "<group>"; };
		2DF072CB2B7A8D2B00412AB5 /* LocationsView.swift */ = {isa = PBXFileReference; lastKnownFileType = sourcecode.swift; path = LocationsView.swift; sourceTree = "<group>"; };
		2DF072CD2B7A905E00412AB5 /* LocationsViewModel.swift */ = {isa = PBXFileReference; lastKnownFileType = sourcecode.swift; path = LocationsViewModel.swift; sourceTree = "<group>"; };
/* End PBXFileReference section */

/* Begin PBXFrameworksBuildPhase section */
		2DF072AD2B7A86E400412AB5 /* Frameworks */ = {
			isa = PBXFrameworksBuildPhase;
			buildActionMask = 2147483647;
			files = (
			);
			runOnlyForDeploymentPostprocessing = 0;
		};
/* End PBXFrameworksBuildPhase section */

/* Begin PBXGroup section */
		2DF072A72B7A86E400412AB5 = {
			isa = PBXGroup;
			children = (
				2DF072B22B7A86E400412AB5 /* MapAttractionsApp */,
				2DF072B12B7A86E400412AB5 /* Products */,
			);
			sourceTree = "<group>";
		};
		2DF072B12B7A86E400412AB5 /* Products */ = {
			isa = PBXGroup;
			children = (
				2DF072B02B7A86E400412AB5 /* MapAttractionsApp.app */,
			);
			name = Products;
			sourceTree = "<group>";
		};
		2DF072B22B7A86E400412AB5 /* MapAttractionsApp */ = {
			isa = PBXGroup;
			children = (
				2DDC32C12B7D3A9C00AE1225 /* Info.plist */,
				2DF072C82B7A89FD00412AB5 /* DataSource */,
				2DF072C52B7A88F900412AB5 /* Views */,
				2DF072C42B7A88F300412AB5 /* ViewModels */,
				2DF072C32B7A88EE00412AB5 /* Models */,
				2DF072B32B7A86E400412AB5 /* MapAttractions.swift */,
				2DF072B52B7A86E400412AB5 /* ContentView.swift */,
				2DF072C12B7A880800412AB5 /* Assets.xcassets */,
				2DF072B92B7A86E500412AB5 /* Preview Content */,
			);
			path = MapAttractionsApp;
			sourceTree = "<group>";
		};
		2DF072B92B7A86E500412AB5 /* Preview Content */ = {
			isa = PBXGroup;
			children = (
				2DF072BA2B7A86E500412AB5 /* Preview Assets.xcassets */,
			);
			path = "Preview Content";
			sourceTree = "<group>";
		};
		2DF072C32B7A88EE00412AB5 /* Models */ = {
			isa = PBXGroup;
			children = (
				2DF072C62B7A893300412AB5 /* Location.swift */,
			);
			path = Models;
			sourceTree = "<group>";
		};
		2DF072C42B7A88F300412AB5 /* ViewModels */ = {
			isa = PBXGroup;
			children = (
				2DF072CD2B7A905E00412AB5 /* LocationsViewModel.swift */,
			);
			path = ViewModels;
			sourceTree = "<group>";
		};
		2DF072C52B7A88F900412AB5 /* Views */ = {
			isa = PBXGroup;
			children = (
				2DF072CB2B7A8D2B00412AB5 /* LocationsView.swift */,
				2D3678B82B7BBA5900809BDD /* LocationsListView.swift */,
				2D3678BA2B7BC34600809BDD /* LocationPreviewView.swift */,
				2D3678BC2B7BD3F200809BDD /* LocationMapAnnotationView.swift */,
				2DDC32BF2B7D154C00AE1225 /* LocationDetailView.swift */,
			);
			path = Views;
			sourceTree = "<group>";
		};
		2DF072C82B7A89FD00412AB5 /* DataSource */ = {
			isa = PBXGroup;
			children = (
				2DF072C92B7A8A1700412AB5 /* LocationsDataService.swift */,
			);
			path = DataSource;
			sourceTree = "<group>";
		};
/* End PBXGroup section */

/* Begin PBXNativeTarget section */
		2DF072AF2B7A86E400412AB5 /* MapAttractionsApp */ = {
			isa = PBXNativeTarget;
			buildConfigurationList = 2DF072BE2B7A86E500412AB5 /* Build configuration list for PBXNativeTarget "MapAttractionsApp" */;
			buildPhases = (
				2DF072AC2B7A86E400412AB5 /* Sources */,
				2DF072AD2B7A86E400412AB5 /* Frameworks */,
				2DF072AE2B7A86E400412AB5 /* Resources */,
			);
			buildRules = (
			);
			dependencies = (
			);
			name = MapAttractionsApp;
			productName = MapAttractionsApp;
			productReference = 2DF072B02B7A86E400412AB5 /* MapAttractionsApp.app */;
			productType = "com.apple.product-type.application";
		};
/* End PBXNativeTarget section */

/* Begin PBXProject section */
		2DF072A82B7A86E400412AB5 /* Project object */ = {
			isa = PBXProject;
			attributes = {
				BuildIndependentTargetsInParallel = 1;
				LastSwiftUpdateCheck = 1520;
				LastUpgradeCheck = 1520;
				TargetAttributes = {
					2DF072AF2B7A86E400412AB5 = {
						CreatedOnToolsVersion = 15.2;
					};
				};
			};
			buildConfigurationList = 2DF072AB2B7A86E400412AB5 /* Build configuration list for PBXProject "MapAttractionsApp" */;
			compatibilityVersion = "Xcode 14.0";
			developmentRegion = en;
			hasScannedForEncodings = 0;
			knownRegions = (
				en,
				Base,
			);
			mainGroup = 2DF072A72B7A86E400412AB5;
			productRefGroup = 2DF072B12B7A86E400412AB5 /* Products */;
			projectDirPath = "";
			projectRoot = "";
			targets = (
				2DF072AF2B7A86E400412AB5 /* MapAttractionsApp */,
			);
		};
/* End PBXProject section */

/* Begin PBXResourcesBuildPhase section */
		2DF072AE2B7A86E400412AB5 /* Resources */ = {
			isa = PBXResourcesBuildPhase;
			buildActionMask = 2147483647;
			files = (
				2DF072C22B7A880800412AB5 /* Assets.xcassets in Resources */,
				2DF072BB2B7A86E500412AB5 /* Preview Assets.xcassets in Resources */,
			);
			runOnlyForDeploymentPostprocessing = 0;
		};
/* End PBXResourcesBuildPhase section */

/* Begin PBXSourcesBuildPhase section */
		2DF072AC2B7A86E400412AB5 /* Sources */ = {
			isa = PBXSourcesBuildPhase;
			buildActionMask = 2147483647;
			files = (
				2DF072CA2B7A8A1700412AB5 /* LocationsDataService.swift in Sources */,
				2D3678BD2B7BD3F200809BDD /* LocationMapAnnotationView.swift in Sources */,
				2D3678B92B7BBA5900809BDD /* LocationsListView.swift in Sources */,
				2D3678BB2B7BC34600809BDD /* LocationPreviewView.swift in Sources */,
				2DF072CE2B7A905E00412AB5 /* LocationsViewModel.swift in Sources */,
				2DF072C72B7A893300412AB5 /* Location.swift in Sources */,
				2DF072CC2B7A8D2B00412AB5 /* LocationsView.swift in Sources */,
				2DF072B62B7A86E400412AB5 /* ContentView.swift in Sources */,
				2DDC32C02B7D154C00AE1225 /* LocationDetailView.swift in Sources */,
				2DF072B42B7A86E400412AB5 /* MapAttractions.swift in Sources */,
			);
			runOnlyForDeploymentPostprocessing = 0;
		};
/* End PBXSourcesBuildPhase section */

/* Begin XCBuildConfiguration section */
		2DF072BC2B7A86E500412AB5 /* Debug */ = {
			isa = XCBuildConfiguration;
			buildSettings = {
				ALWAYS_SEARCH_USER_PATHS = NO;
				ASSETCATALOG_COMPILER_GENERATE_SWIFT_ASSET_SYMBOL_EXTENSIONS = YES;
				CLANG_ANALYZER_NONNULL = YES;
				CLANG_ANALYZER_NUMBER_OBJECT_CONVERSION = YES_AGGRESSIVE;
				CLANG_CXX_LANGUAGE_STANDARD = "gnu++20";
				CLANG_ENABLE_MODULES = YES;
				CLANG_ENABLE_OBJC_ARC = YES;
				CLANG_ENABLE_OBJC_WEAK = YES;
				CLANG_WARN_BLOCK_CAPTURE_AUTORELEASING = YES;
				CLANG_WARN_BOOL_CONVERSION = YES;
				CLANG_WARN_COMMA = YES;
				CLANG_WARN_CONSTANT_CONVERSION = YES;
				CLANG_WARN_DEPRECATED_OBJC_IMPLEMENTATIONS = YES;
				CLANG_WARN_DIRECT_OBJC_ISA_USAGE = YES_ERROR;
				CLANG_WARN_DOCUMENTATION_COMMENTS = YES;
				CLANG_WARN_EMPTY_BODY = YES;
				CLANG_WARN_ENUM_CONVERSION = YES;
				CLANG_WARN_INFINITE_RECURSION = YES;
				CLANG_WARN_INT_CONVERSION = YES;
				CLANG_WARN_NON_LITERAL_NULL_CONVERSION = YES;
				CLANG_WARN_OBJC_IMPLICIT_RETAIN_SELF = YES;
				CLANG_WARN_OBJC_LITERAL_CONVERSION = YES;
				CLANG_WARN_OBJC_ROOT_CLASS = YES_ERROR;
				CLANG_WARN_QUOTED_INCLUDE_IN_FRAMEWORK_HEADER = YES;
				CLANG_WARN_RANGE_LOOP_ANALYSIS = YES;
				CLANG_WARN_STRICT_PROTOTYPES = YES;
				CLANG_WARN_SUSPICIOUS_MOVE = YES;
				CLANG_WARN_UNGUARDED_AVAILABILITY = YES_AGGRESSIVE;
				CLANG_WARN_UNREACHABLE_CODE = YES;
				CLANG_WARN__DUPLICATE_METHOD_MATCH = YES;
				COPY_PHASE_STRIP = NO;
				DEBUG_INFORMATION_FORMAT = dwarf;
				ENABLE_STRICT_OBJC_MSGSEND = YES;
				ENABLE_TESTABILITY = YES;
				ENABLE_USER_SCRIPT_SANDBOXING = YES;
				GCC_C_LANGUAGE_STANDARD = gnu17;
				GCC_DYNAMIC_NO_PIC = NO;
				GCC_NO_COMMON_BLOCKS = YES;
				GCC_OPTIMIZATION_LEVEL = 0;
				GCC_PREPROCESSOR_DEFINITIONS = (
					"DEBUG=1",
					"$(inherited)",
				);
				GCC_WARN_64_TO_32_BIT_CONVERSION = YES;
				GCC_WARN_ABOUT_RETURN_TYPE = YES_ERROR;
				GCC_WARN_UNDECLARED_SELECTOR = YES;
				GCC_WARN_UNINITIALIZED_AUTOS = YES_AGGRESSIVE;
				GCC_WARN_UNUSED_FUNCTION = YES;
				GCC_WARN_UNUSED_VARIABLE = YES;
				IPHONEOS_DEPLOYMENT_TARGET = 17.2;
				LOCALIZATION_PREFERS_STRING_CATALOGS = YES;
				MTL_ENABLE_DEBUG_INFO = INCLUDE_SOURCE;
				MTL_FAST_MATH = YES;
				ONLY_ACTIVE_ARCH = YES;
				SDKROOT = iphoneos;
				SWIFT_ACTIVE_COMPILATION_CONDITIONS = "DEBUG $(inherited)";
				SWIFT_OPTIMIZATION_LEVEL = "-Onone";
			};
			name = Debug;
		};
		2DF072BD2B7A86E500412AB5 /* Release */ = {
			isa = XCBuildConfiguration;
			buildSettings = {
				ALWAYS_SEARCH_USER_PATHS = NO;
				ASSETCATALOG_COMPILER_GENERATE_SWIFT_ASSET_SYMBOL_EXTENSIONS = YES;
				CLANG_ANALYZER_NONNULL = YES;
				CLANG_ANALYZER_NUMBER_OBJECT_CONVERSION = YES_AGGRESSIVE;
				CLANG_CXX_LANGUAGE_STANDARD = "gnu++20";
				CLANG_ENABLE_MODULES = YES;
				CLANG_ENABLE_OBJC_ARC = YES;
				CLANG_ENABLE_OBJC_WEAK = YES;
				CLANG_WARN_BLOCK_CAPTURE_AUTORELEASING = YES;
				CLANG_WARN_BOOL_CONVERSION = YES;
				CLANG_WARN_COMMA = YES;
				CLANG_WARN_CONSTANT_CONVERSION = YES;
				CLANG_WARN_DEPRECATED_OBJC_IMPLEMENTATIONS = YES;
				CLANG_WARN_DIRECT_OBJC_ISA_USAGE = YES_ERROR;
				CLANG_WARN_DOCUMENTATION_COMMENTS = YES;
				CLANG_WARN_EMPTY_BODY = YES;
				CLANG_WARN_ENUM_CONVERSION = YES;
				CLANG_WARN_INFINITE_RECURSION = YES;
				CLANG_WARN_INT_CONVERSION = YES;
				CLANG_WARN_NON_LITERAL_NULL_CONVERSION = YES;
				CLANG_WARN_OBJC_IMPLICIT_RETAIN_SELF = YES;
				CLANG_WARN_OBJC_LITERAL_CONVERSION = YES;
				CLANG_WARN_OBJC_ROOT_CLASS = YES_ERROR;
				CLANG_WARN_QUOTED_INCLUDE_IN_FRAMEWORK_HEADER = YES;
				CLANG_WARN_RANGE_LOOP_ANALYSIS = YES;
				CLANG_WARN_STRICT_PROTOTYPES = YES;
				CLANG_WARN_SUSPICIOUS_MOVE = YES;
				CLANG_WARN_UNGUARDED_AVAILABILITY = YES_AGGRESSIVE;
				CLANG_WARN_UNREACHABLE_CODE = YES;
				CLANG_WARN__DUPLICATE_METHOD_MATCH = YES;
				COPY_PHASE_STRIP = NO;
				DEBUG_INFORMATION_FORMAT = "dwarf-with-dsym";
				ENABLE_NS_ASSERTIONS = NO;
				ENABLE_STRICT_OBJC_MSGSEND = YES;
				ENABLE_USER_SCRIPT_SANDBOXING = YES;
				GCC_C_LANGUAGE_STANDARD = gnu17;
				GCC_NO_COMMON_BLOCKS = YES;
				GCC_WARN_64_TO_32_BIT_CONVERSION = YES;
				GCC_WARN_ABOUT_RETURN_TYPE = YES_ERROR;
				GCC_WARN_UNDECLARED_SELECTOR = YES;
				GCC_WARN_UNINITIALIZED_AUTOS = YES_AGGRESSIVE;
				GCC_WARN_UNUSED_FUNCTION = YES;
				GCC_WARN_UNUSED_VARIABLE = YES;
				IPHONEOS_DEPLOYMENT_TARGET = 17.2;
				LOCALIZATION_PREFERS_STRING_CATALOGS = YES;
				MTL_ENABLE_DEBUG_INFO = NO;
				MTL_FAST_MATH = YES;
				SDKROOT = iphoneos;
				SWIFT_COMPILATION_MODE = wholemodule;
				VALIDATE_PRODUCT = YES;
			};
			name = Release;
		};
		2DF072BF2B7A86E500412AB5 /* Debug */ = {
			isa = XCBuildConfiguration;
			buildSettings = {
				ASSETCATALOG_COMPILER_APPICON_NAME = AppIcon;
				ASSETCATALOG_COMPILER_GLOBAL_ACCENT_COLOR_NAME = AccentColor;
				CODE_SIGN_STYLE = Automatic;
				CURRENT_PROJECT_VERSION = 1;
				DEVELOPMENT_ASSET_PATHS = "\"MapAttractionsApp/Preview Content\"";
				DEVELOPMENT_TEAM = BLLA4QKA85;
				ENABLE_PREVIEWS = YES;
				GENERATE_INFOPLIST_FILE = YES;
				INFOPLIST_FILE = MapAttractionsApp/Info.plist;
				INFOPLIST_KEY_CFBundleDisplayName = Attractions;
				INFOPLIST_KEY_UIApplicationSceneManifest_Generation = YES;
				INFOPLIST_KEY_UIApplicationSupportsIndirectInputEvents = YES;
				INFOPLIST_KEY_UISupportedInterfaceOrientations = UIInterfaceOrientationPortrait;
				INFOPLIST_KEY_UISupportedInterfaceOrientations_iPad = "UIInterfaceOrientationLandscapeLeft UIInterfaceOrientationLandscapeRight UIInterfaceOrientationPortrait UIInterfaceOrientationPortraitUpsideDown";
				IPHONEOS_DEPLOYMENT_TARGET = 15.0;
				LD_RUNPATH_SEARCH_PATHS = (
					"$(inherited)",
					"@executable_path/Frameworks",
				);
				MARKETING_VERSION = 1.0;
				PRODUCT_BUNDLE_IDENTIFIER = com.iosdeveloper.edsonsantos.MapAttractionsApp;
				PRODUCT_NAME = "$(TARGET_NAME)";
				SWIFT_EMIT_LOC_STRINGS = YES;
				SWIFT_VERSION = 5.0;
				TARGETED_DEVICE_FAMILY = "1,2";
			};
			name = Debug;
		};
		2DF072C02B7A86E500412AB5 /* Release */ = {
			isa = XCBuildConfiguration;
			buildSettings = {
				ASSETCATALOG_COMPILER_APPICON_NAME = AppIcon;
				ASSETCATALOG_COMPILER_GLOBAL_ACCENT_COLOR_NAME = AccentColor;
				CODE_SIGN_STYLE = Automatic;
				CURRENT_PROJECT_VERSION = 1;
				DEVELOPMENT_ASSET_PATHS = "\"MapAttractionsApp/Preview Content\"";
				DEVELOPMENT_TEAM = BLLA4QKA85;
				ENABLE_PREVIEWS = YES;
				GENERATE_INFOPLIST_FILE = YES;
				INFOPLIST_FILE = MapAttractionsApp/Info.plist;
				INFOPLIST_KEY_CFBundleDisplayName = Attractions;
				INFOPLIST_KEY_UIApplicationSceneManifest_Generation = YES;
				INFOPLIST_KEY_UIApplicationSupportsIndirectInputEvents = YES;
				INFOPLIST_KEY_UISupportedInterfaceOrientations = UIInterfaceOrientationPortrait;
				INFOPLIST_KEY_UISupportedInterfaceOrientations_iPad = "UIInterfaceOrientationLandscapeLeft UIInterfaceOrientationLandscapeRight UIInterfaceOrientationPortrait UIInterfaceOrientationPortraitUpsideDown";
				IPHONEOS_DEPLOYMENT_TARGET = 15.0;
				LD_RUNPATH_SEARCH_PATHS = (
					"$(inherited)",
					"@executable_path/Frameworks",
				);
				MARKETING_VERSION = 1.0;
				PRODUCT_BUNDLE_IDENTIFIER = com.iosdeveloper.edsonsantos.MapAttractionsApp;
				PRODUCT_NAME = "$(TARGET_NAME)";
				SWIFT_EMIT_LOC_STRINGS = YES;
				SWIFT_VERSION = 5.0;
				TARGETED_DEVICE_FAMILY = "1,2";
			};
			name = Release;
		};
/* End XCBuildConfiguration section */

/* Begin XCConfigurationList section */
		2DF072AB2B7A86E400412AB5 /* Build configuration list for PBXProject "MapAttractionsApp" */ = {
			isa = XCConfigurationList;
			buildConfigurations = (
				2DF072BC2B7A86E500412AB5 /* Debug */,
				2DF072BD2B7A86E500412AB5 /* Release */,
			);
			defaultConfigurationIsVisible = 0;
			defaultConfigurationName = Release;
		};
		2DF072BE2B7A86E500412AB5 /* Build configuration list for PBXNativeTarget "MapAttractionsApp" */ = {
			isa = XCConfigurationList;
			buildConfigurations = (
				2DF072BF2B7A86E500412AB5 /* Debug */,
				2DF072C02B7A86E500412AB5 /* Release */,
			);
			defaultConfigurationIsVisible = 0;
			defaultConfigurationName = Release;
		};
/* End XCConfigurationList section */
	};
	rootObject = 2DF072A82B7A86E400412AB5 /* Project object */;
}
